
Microsoft Visual Studio Solution File, Format Version 12.00
# Visual Studio 15
VisualStudioVersion = 15.0.28307.329
MinimumVisualStudioVersion = 10.0.40219.1
Project("{8BC9CEB8-8B4A-11D0-8D11-00A0C91BC942}") = "lab_1", "lab_1\lab_1.vcxproj", "{2DCFA76F-01B2-4402-8203-134BBA578BDD}"
EndProject
Project("{8BC9CEB8-8B4A-11D0-8D11-00A0C91BC942}") = "lab_2", "lab_2\lab_2.vcxproj", "{A07241A6-B45F-4A6C-952A-73704AE5E3CB}"
EndProject
Project("{8BC9CEB8-8B4A-11D0-8D11-00A0C91BC942}") = "lab_3", "lab_3\lab_3.vcxproj", "{7A32C24B-91E1-4FA4-B01C-445C532C254D}"
EndProject
Project("{8BC9CEB8-8B4A-11D0-8D11-00A0C91BC942}") = "lab_4", "lab_4\lab_4.vcxproj", "{1287B291-D7C5-47B3-96DB-D153B34A3B00}"
EndProject
Project("{8BC9CEB8-8B4A-11D0-8D11-00A0C91BC942}") = "Project1", "Project1\Project1.vcxproj", "{4418558A-F658-40F8-968C-12AD4B1ACFBA}"
EndProject
Project("{8BC9CEB8-8B4A-11D0-8D11-00A0C91BC942}") = "lab_5", "lab_5\lab_5.vcxproj", "{FCCB62D8-02B9-477A-9C66-F5D3DFC1AEEC}"
EndProject
Project("{FAE04EC0-301F-11D3-BF4B-00C04F79EFBC}") = "ImgApp", "ImgApp\ImgApp.csproj", "{D8FCC56D-07CB-425B-BC72-74BB13EADA83}"
EndProject
Project("{FAE04EC0-301F-11D3-BF4B-00C04F79EFBC}") = "ImgAppTests", "ImgAppTests\ImgAppTests.csproj", "{3148BAAF-012C-4A49-A2E7-7370DB8968B0}"
EndProject
Global
	GlobalSection(SolutionConfigurationPlatforms) = preSolution
		Debug|Any CPU = Debug|Any CPU
		Debug|Win32 = Debug|Win32
		Debug|x64 = Debug|x64
		Release|Any CPU = Release|Any CPU
		Release|Win32 = Release|Win32
		Release|x64 = Release|x64
	EndGlobalSection
	GlobalSection(ProjectConfigurationPlatforms) = postSolution
		{2DCFA76F-01B2-4402-8203-134BBA578BDD}.Debug|Any CPU.ActiveCfg = Debug|Win32
		{2DCFA76F-01B2-4402-8203-134BBA578BDD}.Debug|Win32.ActiveCfg = Debug|Win32
		{2DCFA76F-01B2-4402-8203-134BBA578BDD}.Debug|Win32.Build.0 = Debug|Win32
		{2DCFA76F-01B2-4402-8203-134BBA578BDD}.Debug|x64.ActiveCfg = Debug|x64
		{2DCFA76F-01B2-4402-8203-134BBA578BDD}.Debug|x64.Build.0 = Debug|x64
		{2DCFA76F-01B2-4402-8203-134BBA578BDD}.Release|Any CPU.ActiveCfg = Release|Win32
		{2DCFA76F-01B2-4402-8203-134BBA578BDD}.Release|Win32.ActiveCfg = Release|Win32
		{2DCFA76F-01B2-4402-8203-134BBA578BDD}.Release|Win32.Build.0 = Release|Win32
		{2DCFA76F-01B2-4402-8203-134BBA578BDD}.Release|x64.ActiveCfg = Release|x64
		{2DCFA76F-01B2-4402-8203-134BBA578BDD}.Release|x64.Build.0 = Release|x64
		{A07241A6-B45F-4A6C-952A-73704AE5E3CB}.Debug|Any CPU.ActiveCfg = Debug|x64
		{A07241A6-B45F-4A6C-952A-73704AE5E3CB}.Debug|Win32.ActiveCfg = Debug|x64
		{A07241A6-B45F-4A6C-952A-73704AE5E3CB}.Debug|x64.ActiveCfg = Debug|x64
		{A07241A6-B45F-4A6C-952A-73704AE5E3CB}.Debug|x64.Build.0 = Debug|x64
		{A07241A6-B45F-4A6C-952A-73704AE5E3CB}.Release|Any CPU.ActiveCfg = Release|x64
		{A07241A6-B45F-4A6C-952A-73704AE5E3CB}.Release|Win32.ActiveCfg = Release|x64
		{A07241A6-B45F-4A6C-952A-73704AE5E3CB}.Release|x64.ActiveCfg = Release|x64
		{A07241A6-B45F-4A6C-952A-73704AE5E3CB}.Release|x64.Build.0 = Release|x64
		{7A32C24B-91E1-4FA4-B01C-445C532C254D}.Debug|Any CPU.ActiveCfg = Debug|x64
		{7A32C24B-91E1-4FA4-B01C-445C532C254D}.Debug|Win32.ActiveCfg = Debug|x64
		{7A32C24B-91E1-4FA4-B01C-445C532C254D}.Debug|x64.ActiveCfg = Debug|x64
		{7A32C24B-91E1-4FA4-B01C-445C532C254D}.Debug|x64.Build.0 = Debug|x64
		{7A32C24B-91E1-4FA4-B01C-445C532C254D}.Release|Any CPU.ActiveCfg = Release|x64
		{7A32C24B-91E1-4FA4-B01C-445C532C254D}.Release|Win32.ActiveCfg = Release|x64
		{7A32C24B-91E1-4FA4-B01C-445C532C254D}.Release|x64.ActiveCfg = Release|x64
		{7A32C24B-91E1-4FA4-B01C-445C532C254D}.Release|x64.Build.0 = Release|x64
		{1287B291-D7C5-47B3-96DB-D153B34A3B00}.Debug|Any CPU.ActiveCfg = Debug|Win32
		{1287B291-D7C5-47B3-96DB-D153B34A3B00}.Debug|Win32.ActiveCfg = Debug|Win32
		{1287B291-D7C5-47B3-96DB-D153B34A3B00}.Debug|Win32.Build.0 = Debug|Win32
		{1287B291-D7C5-47B3-96DB-D153B34A3B00}.Debug|x64.ActiveCfg = Debug|x64
		{1287B291-D7C5-47B3-96DB-D153B34A3B00}.Debug|x64.Build.0 = Debug|x64
		{1287B291-D7C5-47B3-96DB-D153B34A3B00}.Release|Any CPU.ActiveCfg = Release|Win32
		{1287B291-D7C5-47B3-96DB-D153B34A3B00}.Release|Win32.ActiveCfg = Release|Win32
		{1287B291-D7C5-47B3-96DB-D153B34A3B00}.Release|Win32.Build.0 = Release|Win32
		{1287B291-D7C5-47B3-96DB-D153B34A3B00}.Release|x64.ActiveCfg = Release|x64
		{1287B291-D7C5-47B3-96DB-D153B34A3B00}.Release|x64.Build.0 = Release|x64
		{4418558A-F658-40F8-968C-12AD4B1ACFBA}.Debug|Any CPU.ActiveCfg = Debug|Win32
		{4418558A-F658-40F8-968C-12AD4B1ACFBA}.Debug|Win32.ActiveCfg = Debug|Win32
		{4418558A-F658-40F8-968C-12AD4B1ACFBA}.Debug|Win32.Build.0 = Debug|Win32
		{4418558A-F658-40F8-968C-12AD4B1ACFBA}.Debug|x64.ActiveCfg = Debug|x64
		{4418558A-F658-40F8-968C-12AD4B1ACFBA}.Debug|x64.Build.0 = Debug|x64
		{4418558A-F658-40F8-968C-12AD4B1ACFBA}.Release|Any CPU.ActiveCfg = Release|Win32
		{4418558A-F658-40F8-968C-12AD4B1ACFBA}.Release|Win32.ActiveCfg = Release|Win32
		{4418558A-F658-40F8-968C-12AD4B1ACFBA}.Release|Win32.Build.0 = Release|Win32
		{4418558A-F658-40F8-968C-12AD4B1ACFBA}.Release|x64.ActiveCfg = Release|x64
		{4418558A-F658-40F8-968C-12AD4B1ACFBA}.Release|x64.Build.0 = Release|x64
		{FCCB62D8-02B9-477A-9C66-F5D3DFC1AEEC}.Debug|Any CPU.ActiveCfg = Debug|Win32
		{FCCB62D8-02B9-477A-9C66-F5D3DFC1AEEC}.Debug|Win32.ActiveCfg = Debug|Win32
		{FCCB62D8-02B9-477A-9C66-F5D3DFC1AEEC}.Debug|Win32.Build.0 = Debug|Win32
		{FCCB62D8-02B9-477A-9C66-F5D3DFC1AEEC}.Debug|x64.ActiveCfg = Debug|x64
		{FCCB62D8-02B9-477A-9C66-F5D3DFC1AEEC}.Debug|x64.Build.0 = Debug|x64
		{FCCB62D8-02B9-477A-9C66-F5D3DFC1AEEC}.Release|Any CPU.ActiveCfg = Release|Win32
		{FCCB62D8-02B9-477A-9C66-F5D3DFC1AEEC}.Release|Win32.ActiveCfg = Release|Win32
		{FCCB62D8-02B9-477A-9C66-F5D3DFC1AEEC}.Release|Win32.Build.0 = Release|Win32
		{FCCB62D8-02B9-477A-9C66-F5D3DFC1AEEC}.Release|x64.ActiveCfg = Release|x64
		{FCCB62D8-02B9-477A-9C66-F5D3DFC1AEEC}.Release|x64.Build.0 = Release|x64
		{D8FCC56D-07CB-425B-BC72-74BB13EADA83}.Debug|Any CPU.ActiveCfg = Debug|Any CPU
		{D8FCC56D-07CB-425B-BC72-74BB13EADA83}.Debug|Any CPU.Build.0 = Debug|Any CPU
		{D8FCC56D-07CB-425B-BC72-74BB13EADA83}.Debug|Win32.ActiveCfg = Debug|Any CPU
		{D8FCC56D-07CB-425B-BC72-74BB13EADA83}.Debug|Win32.Build.0 = Debug|Any CPU
		{D8FCC56D-07CB-425B-BC72-74BB13EADA83}.Debug|x64.ActiveCfg = Debug|Any CPU
		{D8FCC56D-07CB-425B-BC72-74BB13EADA83}.Debug|x64.Build.0 = Debug|Any CPU
		{D8FCC56D-07CB-425B-BC72-74BB13EADA83}.Release|Any CPU.ActiveCfg = Release|Any CPU
		{D8FCC56D-07CB-425B-BC72-74BB13EADA83}.Release|Any CPU.Build.0 = Release|Any CPU
		{D8FCC56D-07CB-425B-BC72-74BB13EADA83}.Release|Win32.ActiveCfg = Release|Any CPU
		{D8FCC56D-07CB-425B-BC72-74BB13EADA83}.Release|Win32.Build.0 = Release|Any CPU
		{D8FCC56D-07CB-425B-BC72-74BB13EADA83}.Release|x64.ActiveCfg = Release|Any CPU
		{D8FCC56D-07CB-425B-BC72-74BB13EADA83}.Release|x64.Build.0 = Release|Any CPU
		{3148BAAF-012C-4A49-A2E7-7370DB8968B0}.Debug|Any CPU.ActiveCfg = Debug|Any CPU
		{3148BAAF-012C-4A49-A2E7-7370DB8968B0}.Debug|Any CPU.Build.0 = Debug|Any CPU
		{3148BAAF-012C-4A49-A2E7-7370DB8968B0}.Debug|Win32.ActiveCfg = Debug|Any CPU
		{3148BAAF-012C-4A49-A2E7-7370DB8968B0}.Debug|Win32.Build.0 = Debug|Any CPU
		{3148BAAF-012C-4A49-A2E7-7370DB8968B0}.Debug|x64.ActiveCfg = Debug|Any CPU
		{3148BAAF-012C-4A49-A2E7-7370DB8968B0}.Debug|x64.Build.0 = Debug|Any CPU
		{3148BAAF-012C-4A49-A2E7-7370DB8968B0}.Release|Any CPU.ActiveCfg = Release|Any CPU
		{3148BAAF-012C-4A49-A2E7-7370DB8968B0}.Release|Any CPU.Build.0 = Release|Any CPU
		{3148BAAF-012C-4A49-A2E7-7370DB8968B0}.Release|Win32.ActiveCfg = Release|Any CPU
		{3148BAAF-012C-4A49-A2E7-7370DB8968B0}.Release|Win32.Build.0 = Release|Any CPU
		{3148BAAF-012C-4A49-A2E7-7370DB8968B0}.Release|x64.ActiveCfg = Release|Any CPU
		{3148BAAF-012C-4A49-A2E7-7370DB8968B0}.Release|x64.Build.0 = Release|Any CPU
	EndGlobalSection
	GlobalSection(SolutionProperties) = preSolution
		HideSolutionNode = FALSE
	EndGlobalSection
	GlobalSection(ExtensibilityGlobals) = postSolution
		SolutionGuid = {003F8DC5-8ED0-4120-B0CD-5AE036242EAF}
	EndGlobalSection
EndGlobal
